
Microsoft Visual Studio Solution File, Format Version 12.00
# Visual Studio Version 17
VisualStudioVersion = 17.5.002.0
MinimumVisualStudioVersion = 10.0.40219.1
Project("{9A19103F-16F7-4668-BE54-9A1E7A4F7556}") = ".Net", ".Net.csproj", "{63D5C6A9-CE37-4F90-8856-5AA948B1EDCC}"
EndProject
Global
	GlobalSection(SolutionConfigurationPlatforms) = preSolution
		Debug|Any CPU = Debug|Any CPU
		Release|Any CPU = Release|Any CPU
	EndGlobalSection
	GlobalSection(ProjectConfigurationPlatforms) = postSolution
		{63D5C6A9-CE37-4F90-8856-5AA948B1EDCC}.Debug|Any CPU.ActiveCfg = Debug|Any CPU
		{63D5C6A9-CE37-4F90-8856-5AA948B1EDCC}.Debug|Any CPU.Build.0 = Debug|Any CPU
		{63D5C6A9-CE37-4F90-8856-5AA948B1EDCC}.Release|Any CPU.ActiveCfg = Release|Any CPU
		{63D5C6A9-CE37-4F90-8856-5AA948B1EDCC}.Release|Any CPU.Build.0 = Release|Any CPU
	EndGlobalSection
	GlobalSection(SolutionProperties) = preSolution
		HideSolutionNode = FALSE
	EndGlobalSection
	GlobalSection(ExtensibilityGlobals) = postSolution
		SolutionGuid = {C67B8A41-7721-43A4-8AB0-A33134C9836C}
	EndGlobalSection
EndGlobal
